
Microsoft Visual Studio Solution File, Format Version 12.00
# Visual Studio 16
Project("{FAE04EC0-301F-11D3-BF4B-00C04F79EFBC}") = "Assembly-CSharp-Editor", "Assembly-CSharp-Editor.csproj", "{79365AE7-A9BE-E719-6211-D35BB00515BF}"
EndProject
Global
	GlobalSection(SolutionConfigurationPlatforms) = preSolution
		Debug|Any CPU = Debug|Any CPU
		Release|Any CPU = Release|Any CPU
	EndGlobalSection
	GlobalSection(ProjectConfigurationPlatforms) = postSolution
		{79365AE7-A9BE-E719-6211-D35BB00515BF}.Debug|Any CPU.ActiveCfg = Debug|Any CPU
		{79365AE7-A9BE-E719-6211-D35BB00515BF}.Debug|Any CPU.Build.0 = Debug|Any CPU
		{79365AE7-A9BE-E719-6211-D35BB00515BF}.Release|Any CPU.ActiveCfg = Release|Any CPU
		{79365AE7-A9BE-E719-6211-D35BB00515BF}.Release|Any CPU.Build.0 = Release|Any CPU
	EndGlobalSection
	GlobalSection(SolutionProperties) = preSolution
		HideSolutionNode = FALSE
	EndGlobalSection
EndGlobal
